
Microsoft Visual Studio Solution File, Format Version 12.00
# Visual Studio Version 16
VisualStudioVersion = 16.0.30611.23
MinimumVisualStudioVersion = 10.0.40219.1
Project("{FAE04EC0-301F-11D3-BF4B-00C04F79EFBC}") = "TTS Dumper", "TTS Dumper\TTS Dumper.csproj", "{9F288E39-0889-4357-B2D1-2BD409458D09}"
EndProject
Global
	GlobalSection(SolutionConfigurationPlatforms) = preSolution
		Debug|Any CPU = Debug|Any CPU
		Release|Any CPU = Release|Any CPU
	EndGlobalSection
	GlobalSection(ProjectConfigurationPlatforms) = postSolution
		{9F288E39-0889-4357-B2D1-2BD409458D09}.Debug|Any CPU.ActiveCfg = Debug|Any CPU
		{9F288E39-0889-4357-B2D1-2BD409458D09}.Debug|Any CPU.Build.0 = Debug|Any CPU
		{9F288E39-0889-4357-B2D1-2BD409458D09}.Release|Any CPU.ActiveCfg = Release|Any CPU
		{9F288E39-0889-4357-B2D1-2BD409458D09}.Release|Any CPU.Build.0 = Release|Any CPU
	EndGlobalSection
	GlobalSection(SolutionProperties) = preSolution
		HideSolutionNode = FALSE
	EndGlobalSection
	GlobalSection(ExtensibilityGlobals) = postSolution
		SolutionGuid = {65B01A48-E9CD-44CB-9668-273A37E94759}
	EndGlobalSection
EndGlobal
